# This file was autogenerated by Stack.
# You should not edit this file by hand.
# For more information, please see the documentation at:
#   https://docs.haskellstack.org/en/stable/lock_files

packages: []
snapshots:
- completed:
    size: 523554
    url: https://raw.githubusercontent.com/commercialhaskell/stackage-snapshots/master/nightly/2020/5/13.yaml
    sha256: ffe47c9198473867fe21f634bae6c5fdfa437bf2ac1daa2c2023cf54de7305f9
  original: nightly-2020-05-13
